
Microsoft Visual Studio Solution File, Format Version 12.00
# Visual Studio 2013
VisualStudioVersion = 12.0.30324.0
MinimumVisualStudioVersion = 10.0.40219.1
Project("{FAE04EC0-301F-11D3-BF4B-00C04F79EFBC}") = "OpenOrderFramework", "OpenOrderFramework\OpenOrderFramework.csproj", "{B71DC31D-F4D4-4464-9803-B8FB9BCF93D0}"
EndProject
Project("{FAE04EC0-301F-11D3-BF4B-00C04F79EFBC}") = "OpenOrderFramework.Tests", "OpenOrderFramework.Tests\OpenOrderFramework.Tests.csproj", "{A51E72A7-5C16-4452-A58D-869B31D32473}"
EndProject
Global
	GlobalSection(TeamFoundationVersionControl) = preSolution
		SccNumberOfProjects = 3
		SccEnterpriseProvider = {4CA58AB2-18FA-4F8D-95D4-32DDF27D184C}
		SccTeamFoundationServer = https://louiebacaj.visualstudio.com/defaultcollection
		SccLocalPath0 = .
		SccProjectUniqueName1 = OpenOrderFramework.Tests\\OpenOrderFramework.Tests.csproj
		SccProjectName1 = OpenOrderFramework.Tests
		SccLocalPath1 = OpenOrderFramework.Tests
		SccProjectUniqueName2 = OpenOrderFramework\\OpenOrderFramework.csproj
		SccProjectName2 = OpenOrderFramework
		SccLocalPath2 = OpenOrderFramework
	EndGlobalSection
	GlobalSection(SolutionConfigurationPlatforms) = preSolution
		Debug|Any CPU = Debug|Any CPU
		Release|Any CPU = Release|Any CPU
	EndGlobalSection
	GlobalSection(ProjectConfigurationPlatforms) = postSolution
		{B71DC31D-F4D4-4464-9803-B8FB9BCF93D0}.Debug|Any CPU.ActiveCfg = Debug|Any CPU
		{B71DC31D-F4D4-4464-9803-B8FB9BCF93D0}.Debug|Any CPU.Build.0 = Debug|Any CPU
		{B71DC31D-F4D4-4464-9803-B8FB9BCF93D0}.Release|Any CPU.ActiveCfg = Release|Any CPU
		{B71DC31D-F4D4-4464-9803-B8FB9BCF93D0}.Release|Any CPU.Build.0 = Release|Any CPU
		{A51E72A7-5C16-4452-A58D-869B31D32473}.Debug|Any CPU.ActiveCfg = Debug|Any CPU
		{A51E72A7-5C16-4452-A58D-869B31D32473}.Debug|Any CPU.Build.0 = Debug|Any CPU
		{A51E72A7-5C16-4452-A58D-869B31D32473}.Release|Any CPU.ActiveCfg = Release|Any CPU
		{A51E72A7-5C16-4452-A58D-869B31D32473}.Release|Any CPU.Build.0 = Release|Any CPU
	EndGlobalSection
	GlobalSection(SolutionProperties) = preSolution
		HideSolutionNode = FALSE
	EndGlobalSection
EndGlobal
